// !$*UTF8*$!
{
	archiveVersion = 1;
	classes = {
	};
	objectVersion = 46;
	objects = {

/* Begin PBXBuildFile section */
		791DC4E41D55EC29002CF038 /* la_object + Operations.swift in Sources */ = {isa = PBXBuildFile; fileRef = 791DC4D71D55EC29002CF038 /* la_object + Operations.swift */; };
		791DC4E51D55EC29002CF038 /* Attribute.swift in Sources */ = {isa = PBXBuildFile; fileRef = 791DC4D91D55EC29002CF038 /* Attribute.swift */; };
		791DC4E61D55EC29002CF038 /* ErrorHandling.swift in Sources */ = {isa = PBXBuildFile; fileRef = 791DC4DA1D55EC29002CF038 /* ErrorHandling.swift */; };
		791DC4E71D55EC29002CF038 /* Hint.swift in Sources */ = {isa = PBXBuildFile; fileRef = 791DC4DB1D55EC29002CF038 /* Hint.swift */; };
		791DC4EB1D55EC29002CF038 /* ScalarType.swift in Sources */ = {isa = PBXBuildFile; fileRef = 791DC4DF1D55EC29002CF038 /* ScalarType.swift */; };
		791DC4EC1D55EC29002CF038 /* Status.swift in Sources */ = {isa = PBXBuildFile; fileRef = 791DC4E01D55EC29002CF038 /* Status.swift */; };
		791DC4ED1D55EC29002CF038 /* Basic.swift in Sources */ = {isa = PBXBuildFile; fileRef = 791DC4E11D55EC29002CF038 /* Basic.swift */; };
		791DC4EE1D55EC29002CF038 /* Matrix.swift in Sources */ = {isa = PBXBuildFile; fileRef = 791DC4E21D55EC29002CF038 /* Matrix.swift */; };
		791DC4EF1D55EC29002CF038 /* Vector.swift in Sources */ = {isa = PBXBuildFile; fileRef = 791DC4E31D55EC29002CF038 /* Vector.swift */; };
		791DC4F21D55ED2D002CF038 /* Norm.swift in Sources */ = {isa = PBXBuildFile; fileRef = 791DC4F11D55ED2D002CF038 /* Norm.swift */; };
		791DC4F71D55EDC9002CF038 /* Operators.swift in Sources */ = {isa = PBXBuildFile; fileRef = 791DC4F51D55EDC9002CF038 /* Operators.swift */; };
		794E2F421B9E07A800A30F1F /* Matrix.framework in Frameworks */ = {isa = PBXBuildFile; fileRef = 794E2F371B9E07A800A30F1F /* Matrix.framework */; };
		794E2F471B9E07A800A30F1F /* TWMLMatrixTests.swift in Sources */ = {isa = PBXBuildFile; fileRef = 794E2F461B9E07A800A30F1F /* TWMLMatrixTests.swift */; };
		794E2F6E1B9EB63A00A30F1F /* Matrix.podspec in Resources */ = {isa = PBXBuildFile; fileRef = 794E2F6D1B9EB63A00A30F1F /* Matrix.podspec */; };
		794E2F701B9EB64700A30F1F /* LICENSE.txt in Resources */ = {isa = PBXBuildFile; fileRef = 794E2F6F1B9EB64700A30F1F /* LICENSE.txt */; };
/* End PBXBuildFile section */

/* Begin PBXContainerItemProxy section */
		794E2F431B9E07A800A30F1F /* PBXContainerItemProxy */ = {
			isa = PBXContainerItemProxy;
			containerPortal = 794E2F2E1B9E07A800A30F1F /* Project object */;
			proxyType = 1;
			remoteGlobalIDString = 794E2F361B9E07A800A30F1F;
			remoteInfo = TWMLMatrix;
		};
/* End PBXContainerItemProxy section */

/* Begin PBXFileReference section */
		791DC4D71D55EC29002CF038 /* la_object + Operations.swift */ = {isa = PBXFileReference; fileEncoding = 4; lastKnownFileType = sourcecode.swift; path = "la_object + Operations.swift"; sourceTree = "<group>"; };
		791DC4D91D55EC29002CF038 /* Attribute.swift */ = {isa = PBXFileReference; fileEncoding = 4; lastKnownFileType = sourcecode.swift; path = Attribute.swift; sourceTree = "<group>"; };
		791DC4DA1D55EC29002CF038 /* ErrorHandling.swift */ = {isa = PBXFileReference; fileEncoding = 4; lastKnownFileType = sourcecode.swift; path = ErrorHandling.swift; sourceTree = "<group>"; };
		791DC4DB1D55EC29002CF038 /* Hint.swift */ = {isa = PBXFileReference; fileEncoding = 4; lastKnownFileType = sourcecode.swift; path = Hint.swift; sourceTree = "<group>"; };
		791DC4DF1D55EC29002CF038 /* ScalarType.swift */ = {isa = PBXFileReference; fileEncoding = 4; lastKnownFileType = sourcecode.swift; path = ScalarType.swift; sourceTree = "<group>"; };
		791DC4E01D55EC29002CF038 /* Status.swift */ = {isa = PBXFileReference; fileEncoding = 4; lastKnownFileType = sourcecode.swift; path = Status.swift; sourceTree = "<group>"; };
		791DC4E11D55EC29002CF038 /* Basic.swift */ = {isa = PBXFileReference; fileEncoding = 4; lastKnownFileType = sourcecode.swift; name = Basic.swift; path = Sources/Basic.swift; sourceTree = "<group>"; };
		791DC4E21D55EC29002CF038 /* Matrix.swift */ = {isa = PBXFileReference; fileEncoding = 4; lastKnownFileType = sourcecode.swift; name = Matrix.swift; path = Sources/Matrix.swift; sourceTree = "<group>"; };
		791DC4E31D55EC29002CF038 /* Vector.swift */ = {isa = PBXFileReference; fileEncoding = 4; lastKnownFileType = sourcecode.swift; name = Vector.swift; path = Sources/Vector.swift; sourceTree = "<group>"; };
		791DC4F11D55ED2D002CF038 /* Norm.swift */ = {isa = PBXFileReference; fileEncoding = 4; lastKnownFileType = sourcecode.swift; path = Norm.swift; sourceTree = "<group>"; };
		791DC4F51D55EDC9002CF038 /* Operators.swift */ = {isa = PBXFileReference; fileEncoding = 4; lastKnownFileType = sourcecode.swift; path = Operators.swift; sourceTree = "<group>"; };
		794E2F371B9E07A800A30F1F /* Matrix.framework */ = {isa = PBXFileReference; explicitFileType = wrapper.framework; includeInIndex = 0; path = Matrix.framework; sourceTree = BUILT_PRODUCTS_DIR; };
		794E2F3C1B9E07A800A30F1F /* Info.plist */ = {isa = PBXFileReference; lastKnownFileType = text.plist.xml; path = Info.plist; sourceTree = "<group>"; };
		794E2F411B9E07A800A30F1F /* MatrixTests.xctest */ = {isa = PBXFileReference; explicitFileType = wrapper.cfbundle; includeInIndex = 0; path = MatrixTests.xctest; sourceTree = BUILT_PRODUCTS_DIR; };
		794E2F461B9E07A800A30F1F /* TWMLMatrixTests.swift */ = {isa = PBXFileReference; lastKnownFileType = sourcecode.swift; path = TWMLMatrixTests.swift; sourceTree = "<group>"; };
		794E2F481B9E07A800A30F1F /* Info.plist */ = {isa = PBXFileReference; lastKnownFileType = text.plist.xml; path = Info.plist; sourceTree = "<group>"; };
		794E2F6D1B9EB63A00A30F1F /* Matrix.podspec */ = {isa = PBXFileReference; fileEncoding = 4; lastKnownFileType = text; name = Matrix.podspec; path = ../Matrix.podspec; sourceTree = "<group>"; };
		794E2F6F1B9EB64700A30F1F /* LICENSE.txt */ = {isa = PBXFileReference; fileEncoding = 4; lastKnownFileType = text; name = LICENSE.txt; path = ../LICENSE.txt; sourceTree = "<group>"; };
/* End PBXFileReference section */

/* Begin PBXFrameworksBuildPhase section */
		794E2F331B9E07A800A30F1F /* Frameworks */ = {
			isa = PBXFrameworksBuildPhase;
			buildActionMask = 2147483647;
			files = (
			);
			runOnlyForDeploymentPostprocessing = 0;
		};
		794E2F3E1B9E07A800A30F1F /* Frameworks */ = {
			isa = PBXFrameworksBuildPhase;
			buildActionMask = 2147483647;
			files = (
				794E2F421B9E07A800A30F1F /* Matrix.framework in Frameworks */,
			);
			runOnlyForDeploymentPostprocessing = 0;
		};
/* End PBXFrameworksBuildPhase section */

/* Begin PBXGroup section */
		791DC4D61D55EC29002CF038 /* Extensions */ = {
			isa = PBXGroup;
			children = (
				791DC4D71D55EC29002CF038 /* la_object + Operations.swift */,
			);
			name = Extensions;
			path = Sources/Extensions;
			sourceTree = "<group>";
		};
		791DC4D81D55EC29002CF038 /* Supporting Type */ = {
			isa = PBXGroup;
			children = (
				791DC4D91D55EC29002CF038 /* Attribute.swift */,
				791DC4DA1D55EC29002CF038 /* ErrorHandling.swift */,
				791DC4DB1D55EC29002CF038 /* Hint.swift */,
				791DC4DF1D55EC29002CF038 /* ScalarType.swift */,
				791DC4E01D55EC29002CF038 /* Status.swift */,
			);
			name = "Supporting Type";
			path = "Sources/Supporting Type";
			sourceTree = "<group>";
		};
		791DC4F01D55ED2D002CF038 /* Norm */ = {
			isa = PBXGroup;
			children = (
				791DC4F11D55ED2D002CF038 /* Norm.swift */,
			);
			name = Norm;
			path = Sources/Norm;
			sourceTree = "<group>";
		};
		791DC4F31D55EDC9002CF038 /* Operations */ = {
			isa = PBXGroup;
			children = (
				791DC4F51D55EDC9002CF038 /* Operators.swift */,
			);
			name = Operations;
			path = Sources/Operations;
			sourceTree = "<group>";
		};
		794E2F2D1B9E07A800A30F1F = {
			isa = PBXGroup;
			children = (
				794E2F391B9E07A800A30F1F /* Matrix */,
				794E2F451B9E07A800A30F1F /* TWMLMatrixTests */,
				794E2F381B9E07A800A30F1F /* Products */,
			);
			sourceTree = "<group>";
		};
		794E2F381B9E07A800A30F1F /* Products */ = {
			isa = PBXGroup;
			children = (
				794E2F371B9E07A800A30F1F /* Matrix.framework */,
				794E2F411B9E07A800A30F1F /* MatrixTests.xctest */,
			);
			name = Products;
			sourceTree = "<group>";
		};
		794E2F391B9E07A800A30F1F /* Matrix */ = {
			isa = PBXGroup;
			children = (
				791DC4E11D55EC29002CF038 /* Basic.swift */,
				791DC4E21D55EC29002CF038 /* Matrix.swift */,
				791DC4E31D55EC29002CF038 /* Vector.swift */,
				791DC4F01D55ED2D002CF038 /* Norm */,
				791DC4D61D55EC29002CF038 /* Extensions */,
				791DC4F31D55EDC9002CF038 /* Operations */,
				791DC4D81D55EC29002CF038 /* Supporting Type */,
				794E2F681B9E0CB500A30F1F /* Support Files */,
			);
			path = Matrix;
			sourceTree = "<group>";
		};
		794E2F451B9E07A800A30F1F /* TWMLMatrixTests */ = {
			isa = PBXGroup;
			children = (
				794E2F461B9E07A800A30F1F /* TWMLMatrixTests.swift */,
				794E2F481B9E07A800A30F1F /* Info.plist */,
			);
			name = TWMLMatrixTests;
			path = MatrixTests;
			sourceTree = "<group>";
		};
		794E2F681B9E0CB500A30F1F /* Support Files */ = {
			isa = PBXGroup;
			children = (
				794E2F3C1B9E07A800A30F1F /* Info.plist */,
				794E2F6D1B9EB63A00A30F1F /* Matrix.podspec */,
				794E2F6F1B9EB64700A30F1F /* LICENSE.txt */,
			);
			name = "Support Files";
			sourceTree = "<group>";
		};
/* End PBXGroup section */

/* Begin PBXHeadersBuildPhase section */
		794E2F341B9E07A800A30F1F /* Headers */ = {
			isa = PBXHeadersBuildPhase;
			buildActionMask = 2147483647;
			files = (
			);
			runOnlyForDeploymentPostprocessing = 0;
		};
/* End PBXHeadersBuildPhase section */

/* Begin PBXNativeTarget section */
		794E2F361B9E07A800A30F1F /* Matrix */ = {
			isa = PBXNativeTarget;
			buildConfigurationList = 794E2F4B1B9E07A800A30F1F /* Build configuration list for PBXNativeTarget "Matrix" */;
			buildPhases = (
				794E2F321B9E07A800A30F1F /* Sources */,
				794E2F331B9E07A800A30F1F /* Frameworks */,
				794E2F341B9E07A800A30F1F /* Headers */,
				794E2F351B9E07A800A30F1F /* Resources */,
			);
			buildRules = (
			);
			dependencies = (
			);
			name = Matrix;
			productName = TWMLMatrix;
			productReference = 794E2F371B9E07A800A30F1F /* Matrix.framework */;
			productType = "com.apple.product-type.framework";
		};
		794E2F401B9E07A800A30F1F /* MatrixTests */ = {
			isa = PBXNativeTarget;
			buildConfigurationList = 794E2F4E1B9E07A800A30F1F /* Build configuration list for PBXNativeTarget "MatrixTests" */;
			buildPhases = (
				794E2F3D1B9E07A800A30F1F /* Sources */,
				794E2F3E1B9E07A800A30F1F /* Frameworks */,
				794E2F3F1B9E07A800A30F1F /* Resources */,
			);
			buildRules = (
			);
			dependencies = (
				794E2F441B9E07A800A30F1F /* PBXTargetDependency */,
			);
			name = MatrixTests;
			productName = TWMLMatrixTests;
			productReference = 794E2F411B9E07A800A30F1F /* MatrixTests.xctest */;
			productType = "com.apple.product-type.bundle.unit-test";
		};
/* End PBXNativeTarget section */

/* Begin PBXProject section */
		794E2F2E1B9E07A800A30F1F /* Project object */ = {
			isa = PBXProject;
			attributes = {
				LastUpgradeCheck = 0800;
				ORGANIZATIONNAME = "Grady Zhuo";
				TargetAttributes = {
					794E2F361B9E07A800A30F1F = {
						CreatedOnToolsVersion = 7.0;
						DevelopmentTeam = XWA3XUFMA8;
						DevelopmentTeamName = "grady zhuo (Personal Team)";
						LastSwiftMigration = 0800;
					};
					794E2F401B9E07A800A30F1F = {
						CreatedOnToolsVersion = 7.0;
						DevelopmentTeam = XWA3XUFMA8;
						DevelopmentTeamName = "grady zhuo (Personal Team)";
						LastSwiftMigration = 0800;
					};
				};
			};
			buildConfigurationList = 794E2F311B9E07A800A30F1F /* Build configuration list for PBXProject "Matrix" */;
			compatibilityVersion = "Xcode 3.2";
			developmentRegion = English;
			hasScannedForEncodings = 0;
			knownRegions = (
				en,
			);
			mainGroup = 794E2F2D1B9E07A800A30F1F;
			productRefGroup = 794E2F381B9E07A800A30F1F /* Products */;
			projectDirPath = "";
			projectRoot = "";
			targets = (
				794E2F361B9E07A800A30F1F /* Matrix */,
				794E2F401B9E07A800A30F1F /* MatrixTests */,
			);
		};
/* End PBXProject section */

/* Begin PBXResourcesBuildPhase section */
		794E2F351B9E07A800A30F1F /* Resources */ = {
			isa = PBXResourcesBuildPhase;
			buildActionMask = 2147483647;
			files = (
				794E2F701B9EB64700A30F1F /* LICENSE.txt in Resources */,
				794E2F6E1B9EB63A00A30F1F /* Matrix.podspec in Resources */,
			);
			runOnlyForDeploymentPostprocessing = 0;
		};
		794E2F3F1B9E07A800A30F1F /* Resources */ = {
			isa = PBXResourcesBuildPhase;
			buildActionMask = 2147483647;
			files = (
			);
			runOnlyForDeploymentPostprocessing = 0;
		};
/* End PBXResourcesBuildPhase section */

/* Begin PBXSourcesBuildPhase section */
		794E2F321B9E07A800A30F1F /* Sources */ = {
			isa = PBXSourcesBuildPhase;
			buildActionMask = 2147483647;
			files = (
				791DC4E71D55EC29002CF038 /* Hint.swift in Sources */,
				791DC4EB1D55EC29002CF038 /* ScalarType.swift in Sources */,
				791DC4E61D55EC29002CF038 /* ErrorHandling.swift in Sources */,
				791DC4EE1D55EC29002CF038 /* Matrix.swift in Sources */,
				791DC4F21D55ED2D002CF038 /* Norm.swift in Sources */,
				791DC4F71D55EDC9002CF038 /* Operators.swift in Sources */,
				791DC4EC1D55EC29002CF038 /* Status.swift in Sources */,
				791DC4E51D55EC29002CF038 /* Attribute.swift in Sources */,
				791DC4ED1D55EC29002CF038 /* Basic.swift in Sources */,
				791DC4EF1D55EC29002CF038 /* Vector.swift in Sources */,
				791DC4E41D55EC29002CF038 /* la_object + Operations.swift in Sources */,
			);
			runOnlyForDeploymentPostprocessing = 0;
		};
		794E2F3D1B9E07A800A30F1F /* Sources */ = {
			isa = PBXSourcesBuildPhase;
			buildActionMask = 2147483647;
			files = (
				794E2F471B9E07A800A30F1F /* TWMLMatrixTests.swift in Sources */,
			);
			runOnlyForDeploymentPostprocessing = 0;
		};
/* End PBXSourcesBuildPhase section */

/* Begin PBXTargetDependency section */
		794E2F441B9E07A800A30F1F /* PBXTargetDependency */ = {
			isa = PBXTargetDependency;
			target = 794E2F361B9E07A800A30F1F /* Matrix */;
			targetProxy = 794E2F431B9E07A800A30F1F /* PBXContainerItemProxy */;
		};
/* End PBXTargetDependency section */

/* Begin XCBuildConfiguration section */
		794E2F491B9E07A800A30F1F /* Debug */ = {
			isa = XCBuildConfiguration;
			buildSettings = {
				ALWAYS_SEARCH_USER_PATHS = NO;
				CLANG_CXX_LANGUAGE_STANDARD = "gnu++0x";
				CLANG_CXX_LIBRARY = "libc++";
				CLANG_ENABLE_MODULES = YES;
				CLANG_ENABLE_OBJC_ARC = YES;
				CLANG_WARN_BOOL_CONVERSION = YES;
				CLANG_WARN_CONSTANT_CONVERSION = YES;
				CLANG_WARN_DIRECT_OBJC_ISA_USAGE = YES_ERROR;
				CLANG_WARN_EMPTY_BODY = YES;
				CLANG_WARN_ENUM_CONVERSION = YES;
				CLANG_WARN_INT_CONVERSION = YES;
				CLANG_WARN_OBJC_ROOT_CLASS = YES_ERROR;
				CLANG_WARN_UNREACHABLE_CODE = YES;
				CLANG_WARN__DUPLICATE_METHOD_MATCH = YES;
				"CODE_SIGN_IDENTITY[sdk=iphoneos*]" = "iPhone Developer";
				COPY_PHASE_STRIP = NO;
				CURRENT_PROJECT_VERSION = 1;
				DEBUG_INFORMATION_FORMAT = dwarf;
				ENABLE_STRICT_OBJC_MSGSEND = YES;
				ENABLE_TESTABILITY = YES;
				GCC_C_LANGUAGE_STANDARD = gnu99;
				GCC_DYNAMIC_NO_PIC = NO;
				GCC_NO_COMMON_BLOCKS = YES;
				GCC_OPTIMIZATION_LEVEL = 0;
				GCC_PREPROCESSOR_DEFINITIONS = (
					"DEBUG=1",
					"$(inherited)",
				);
				GCC_WARN_64_TO_32_BIT_CONVERSION = YES;
				GCC_WARN_ABOUT_RETURN_TYPE = YES_ERROR;
				GCC_WARN_UNDECLARED_SELECTOR = YES;
				GCC_WARN_UNINITIALIZED_AUTOS = YES_AGGRESSIVE;
				GCC_WARN_UNUSED_FUNCTION = YES;
				GCC_WARN_UNUSED_VARIABLE = YES;
				IPHONEOS_DEPLOYMENT_TARGET = 9.0;
				MTL_ENABLE_DEBUG_INFO = YES;
				ONLY_ACTIVE_ARCH = YES;
				SDKROOT = iphoneos;
				SWIFT_OPTIMIZATION_LEVEL = "-Onone";
				TARGETED_DEVICE_FAMILY = "1,2";
				VERSIONING_SYSTEM = "apple-generic";
				VERSION_INFO_PREFIX = "";
			};
			name = Debug;
		};
		794E2F4A1B9E07A800A30F1F /* Release */ = {
			isa = XCBuildConfiguration;
			buildSettings = {
				ALWAYS_SEARCH_USER_PATHS = NO;
				CLANG_CXX_LANGUAGE_STANDARD = "gnu++0x";
				CLANG_CXX_LIBRARY = "libc++";
				CLANG_ENABLE_MODULES = YES;
				CLANG_ENABLE_OBJC_ARC = YES;
				CLANG_WARN_BOOL_CONVERSION = YES;
				CLANG_WARN_CONSTANT_CONVERSION = YES;
				CLANG_WARN_DIRECT_OBJC_ISA_USAGE = YES_ERROR;
				CLANG_WARN_EMPTY_BODY = YES;
				CLANG_WARN_ENUM_CONVERSION = YES;
				CLANG_WARN_INT_CONVERSION = YES;
				CLANG_WARN_OBJC_ROOT_CLASS = YES_ERROR;
				CLANG_WARN_UNREACHABLE_CODE = YES;
				CLANG_WARN__DUPLICATE_METHOD_MATCH = YES;
				"CODE_SIGN_IDENTITY[sdk=iphoneos*]" = "iPhone Developer";
				COPY_PHASE_STRIP = NO;
				CURRENT_PROJECT_VERSION = 1;
				DEBUG_INFORMATION_FORMAT = "dwarf-with-dsym";
				ENABLE_NS_ASSERTIONS = NO;
				ENABLE_STRICT_OBJC_MSGSEND = YES;
				GCC_C_LANGUAGE_STANDARD = gnu99;
				GCC_NO_COMMON_BLOCKS = YES;
				GCC_WARN_64_TO_32_BIT_CONVERSION = YES;
				GCC_WARN_ABOUT_RETURN_TYPE = YES_ERROR;
				GCC_WARN_UNDECLARED_SELECTOR = YES;
				GCC_WARN_UNINITIALIZED_AUTOS = YES_AGGRESSIVE;
				GCC_WARN_UNUSED_FUNCTION = YES;
				GCC_WARN_UNUSED_VARIABLE = YES;
				IPHONEOS_DEPLOYMENT_TARGET = 9.0;
				MTL_ENABLE_DEBUG_INFO = NO;
				SDKROOT = iphoneos;
				TARGETED_DEVICE_FAMILY = "1,2";
				VALIDATE_PRODUCT = YES;
				VERSIONING_SYSTEM = "apple-generic";
				VERSION_INFO_PREFIX = "";
			};
			name = Release;
		};
		794E2F4C1B9E07A800A30F1F /* Debug */ = {
			isa = XCBuildConfiguration;
			buildSettings = {
				CLANG_ENABLE_MODULES = YES;
				DEFINES_MODULE = YES;
				DYLIB_COMPATIBILITY_VERSION = 1;
				DYLIB_CURRENT_VERSION = 1;
				DYLIB_INSTALL_NAME_BASE = "@rpath";
				INFOPLIST_FILE = Matrix/Info.plist;
				INSTALL_PATH = "$(LOCAL_LIBRARY_DIR)/Frameworks";
				IPHONEOS_DEPLOYMENT_TARGET = 8.0;
				LD_RUNPATH_SEARCH_PATHS = "$(inherited) @executable_path/Frameworks @loader_path/Frameworks";
				PRODUCT_BUNDLE_IDENTIFIER = org.Limbic.Matrix;
				PRODUCT_NAME = "$(TARGET_NAME)";
				SKIP_INSTALL = YES;
				SWIFT_OPTIMIZATION_LEVEL = "-Onone";
				SWIFT_VERSION = 3.0;
			};
			name = Debug;
		};
		794E2F4D1B9E07A800A30F1F /* Release */ = {
			isa = XCBuildConfiguration;
			buildSettings = {
				CLANG_ENABLE_MODULES = YES;
				DEFINES_MODULE = YES;
				DYLIB_COMPATIBILITY_VERSION = 1;
				DYLIB_CURRENT_VERSION = 1;
				DYLIB_INSTALL_NAME_BASE = "@rpath";
				INFOPLIST_FILE = Matrix/Info.plist;
				INSTALL_PATH = "$(LOCAL_LIBRARY_DIR)/Frameworks";
				IPHONEOS_DEPLOYMENT_TARGET = 8.0;
				LD_RUNPATH_SEARCH_PATHS = "$(inherited) @executable_path/Frameworks @loader_path/Frameworks";
				PRODUCT_BUNDLE_IDENTIFIER = org.Limbic.Matrix;
				PRODUCT_NAME = "$(TARGET_NAME)";
				SKIP_INSTALL = YES;
				SWIFT_OPTIMIZATION_LEVEL = "-Owholemodule";
				SWIFT_VERSION = 3.0;
			};
			name = Release;
		};
		794E2F4F1B9E07A800A30F1F /* Debug */ = {
			isa = XCBuildConfiguration;
			buildSettings = {
				INFOPLIST_FILE = TWMLMatrixTests/Info.plist;
				LD_RUNPATH_SEARCH_PATHS = "$(inherited) @executable_path/Frameworks @loader_path/Frameworks";
				PRODUCT_BUNDLE_IDENTIFIER = org.TWML.TWMLMatrixTests;
				PRODUCT_NAME = "$(TARGET_NAME)";
				SWIFT_VERSION = 3.0;
			};
			name = Debug;
		};
		794E2F501B9E07A800A30F1F /* Release */ = {
			isa = XCBuildConfiguration;
			buildSettings = {
				INFOPLIST_FILE = TWMLMatrixTests/Info.plist;
				LD_RUNPATH_SEARCH_PATHS = "$(inherited) @executable_path/Frameworks @loader_path/Frameworks";
				PRODUCT_BUNDLE_IDENTIFIER = org.TWML.TWMLMatrixTests;
				PRODUCT_NAME = "$(TARGET_NAME)";
				SWIFT_OPTIMIZATION_LEVEL = "-Owholemodule";
				SWIFT_VERSION = 3.0;
			};
			name = Release;
		};
/* End XCBuildConfiguration section */

/* Begin XCConfigurationList section */
		794E2F311B9E07A800A30F1F /* Build configuration list for PBXProject "Matrix" */ = {
			isa = XCConfigurationList;
			buildConfigurations = (
				794E2F491B9E07A800A30F1F /* Debug */,
				794E2F4A1B9E07A800A30F1F /* Release */,
			);
			defaultConfigurationIsVisible = 0;
			defaultConfigurationName = Release;
		};
		794E2F4B1B9E07A800A30F1F /* Build configuration list for PBXNativeTarget "Matrix" */ = {
			isa = XCConfigurationList;
			buildConfigurations = (
				794E2F4C1B9E07A800A30F1F /* Debug */,
				794E2F4D1B9E07A800A30F1F /* Release */,
			);
			defaultConfigurationIsVisible = 0;
			defaultConfigurationName = Release;
		};
		794E2F4E1B9E07A800A30F1F /* Build configuration list for PBXNativeTarget "MatrixTests" */ = {
			isa = XCConfigurationList;
			buildConfigurations = (
				794E2F4F1B9E07A800A30F1F /* Debug */,
				794E2F501B9E07A800A30F1F /* Release */,
			);
			defaultConfigurationIsVisible = 0;
			defaultConfigurationName = Release;
		};
/* End XCConfigurationList section */
	};
	rootObject = 794E2F2E1B9E07A800A30F1F /* Project object */;
}
